<?xml version="1.0" encoding="utf-8"?>
<Project ToolsVersion="4.0" xmlns="http://schemas.microsoft.com/developer/msbuild/2003">
  <ItemGroup>
    <Filter Include="Source Files">
      <UniqueIdentifier>{4FC737F1-C7A5-4376-A066-2A32D752A2FF}</UniqueIdentifier>
      <Extensions>cpp;c;cc;cxx;def;odl;idl;hpj;bat;asm;asmx</Extensions>
    </Filter>
    <Filter Include="Header Files">
      <UniqueIdentifier>{93995380-89BD-4b04-88EB-625FBE52EBFB}</UniqueIdentifier>
      <Extensions>h;hh;hpp;hxx;hm;inl;inc;xsd</Extensions>
    </Filter>
    <Filter Include="Resource Files">
      <UniqueIdentifier>{67DA6AB6-F800-4c08-8B7A-83BB121AAD01}</UniqueIdentifier>
      <Extensions>rc;ico;cur;bmp;dlg;rc2;rct;bin;rgs;gif;jpg;jpeg;jpe;resx;tiff;tif;png;wav;mfcribbon-ms</Extensions>
    </Filter>
    <Filter Include="Source Files\Objects">
      <UniqueIdentifier>{91571433-1f93-4f60-822f-bb70638dcaab}</UniqueIdentifier>
    </Filter>
    <Filter Include="Source Files\Graphics-Core">
      <UniqueIdentifier>{73cb2566-534f-4fdd-8bc0-de475876a307}</UniqueIdentifier>
    </Filter>
    <Filter Include="Header Files\Graphics-Core">
      <UniqueIdentifier>{669713ad-a6b7-48e0-b1f0-67d323f21241}</UniqueIdentifier>
    </Filter>
    <Filter Include="Header Files\Objects">
      <UniqueIdentifier>{355df553-d9b4-49e3-9ad0-246842d85789}</UniqueIdentifier>
    </Filter>
    <Filter Include="Header Files\Utils">
      <UniqueIdentifier>{b50e192a-3d10-46f0-a80a-8dbb3c8eaef7}</UniqueIdentifier>
    </Filter>
    <Filter Include="Header Files\Space">
      <UniqueIdentifier>{abdcdd21-558a-4ba1-9ad9-580dc5af9381}</UniqueIdentifier>
    </Filter>
    <Filter Include="Source Files\Space">
      <UniqueIdentifier>{0537712a-67d0-4852-8a18-185d255f77ed}</UniqueIdentifier>
    </Filter>
    <Filter Include="Header Files\Objects\Sim">
      <UniqueIdentifier>{ef711ff4-80ed-4705-bbc2-b1682e9e6aa8}</UniqueIdentifier>
    </Filter>
    <Filter Include="Source Files\Objects\Sim">
      <UniqueIdentifier>{c44076a1-e9a6-40c2-9a04-0a4f644ca367}</UniqueIdentifier>
    </Filter>
    <Filter Include="Source Files\Utils">
      <UniqueIdentifier>{7091a5e0-c807-4401-8e8b-bfb6bdafdcb8}</UniqueIdentifier>
    </Filter>
  </ItemGroup>
  <ItemGroup>
    <Text Include="ReadMe.txt" />
  </ItemGroup>
  <ItemGroup>
    <ClInclude Include="GLViewer.h">
      <Filter>Header Files</Filter>
    </ClInclude>
    <ClInclude Include="Scene.h">
      <Filter>Header Files</Filter>
    </ClInclude>
    <ClInclude Include="BufferO.h">
      <Filter>Header Files\Graphics-Core</Filter>
    </ClInclude>
    <ClInclude Include="Geometry.h">
      <Filter>Header Files\Graphics-Core</Filter>
    </ClInclude>
    <ClInclude Include="IndexBufO.h">
      <Filter>Header Files\Graphics-Core</Filter>
    </ClInclude>
    <ClInclude Include="IndexCombination.h">
      <Filter>Header Files\Graphics-Core</Filter>
    </ClInclude>
    <ClInclude Include="Material.h">
      <Filter>Header Files\Graphics-Core</Filter>
    </ClInclude>
    <ClInclude Include="Program.h">
      <Filter>Header Files\Graphics-Core</Filter>
    </ClInclude>
    <ClInclude Include="Shader.h">
      <Filter>Header Files\Graphics-Core</Filter>
    </ClInclude>
    <ClInclude Include="VertexArrO.h">
      <Filter>Header Files\Graphics-Core</Filter>
    </ClInclude>
    <ClInclude Include="VertexBufO.h">
      <Filter>Header Files\Graphics-Core</Filter>
    </ClInclude>
    <ClInclude Include="VertexAttribArray.h">
      <Filter>Header Files\Graphics-Core</Filter>
    </ClInclude>
    <ClInclude Include="Camera.h">
      <Filter>Header Files\Objects</Filter>
    </ClInclude>
    <ClInclude Include="TriangleNetObject.h">
      <Filter>Header Files\Objects</Filter>
    </ClInclude>
    <ClInclude Include="SunLightSource.h">
      <Filter>Header Files\Objects</Filter>
    </ClInclude>
    <ClInclude Include="LightSource.h">
      <Filter>Header Files\Objects</Filter>
    </ClInclude>
    <ClInclude Include="Debug.h">
      <Filter>Header Files\Utils</Filter>
    </ClInclude>
    <ClInclude Include="StrUtils.h">
      <Filter>Header Files\Utils</Filter>
    </ClInclude>
    <ClInclude Include="Log.h">
      <Filter>Header Files\Utils</Filter>
    </ClInclude>
    <ClInclude Include="fsmath.h">
      <Filter>Header Files\Utils</Filter>
    </ClInclude>
    <ClInclude Include="UniformGrid.h">
      <Filter>Header Files\Space</Filter>
    </ClInclude>
    <ClInclude Include="UniformGridGeometry.h">
      <Filter>Header Files\Space</Filter>
    </ClInclude>
    <ClInclude Include="Vorton.h">
      <Filter>Header Files\Objects\Sim</Filter>
    </ClInclude>
    <ClInclude Include="Supervorton.h">
      <Filter>Header Files\Objects\Sim</Filter>
    </ClInclude>
    <ClInclude Include="VortonOctHeapElement.h">
      <Filter>Header Files\Space</Filter>
    </ClInclude>
    <ClInclude Include="VortonOctHeap.h">
      <Filter>Header Files\Space</Filter>
    </ClInclude>
    <ClInclude Include="VorticityDistribution.h">
      <Filter>Header Files</Filter>
    </ClInclude>
    <ClInclude Include="MovableObject.h">
      <Filter>Header Files\Objects</Filter>
    </ClInclude>
    <ClInclude Include="ActiveObject.h">
      <Filter>Header Files\Objects</Filter>
    </ClInclude>
    <ClInclude Include="ContainerObject.h">
      <Filter>Header Files\Objects</Filter>
    </ClInclude>
    <ClInclude Include="DrawableObject.h">
      <Filter>Header Files\Objects</Filter>
    </ClInclude>
    <ClInclude Include="VortonSim.h">
      <Filter>Header Files\Objects\Sim</Filter>
    </ClInclude>
    <ClInclude Include="Object.h">
      <Filter>Header Files\Objects</Filter>
    </ClInclude>
  </ItemGroup>
  <ItemGroup>
    <ClCompile Include="FluidSim.cpp">
      <Filter>Source Files</Filter>
    </ClCompile>
    <ClCompile Include="GLViewer.cpp">
      <Filter>Source Files</Filter>
    </ClCompile>
    <ClCompile Include="Scene.cpp">
      <Filter>Source Files</Filter>
    </ClCompile>
    <ClCompile Include="BufferO.cpp">
      <Filter>Source Files\Graphics-Core</Filter>
    </ClCompile>
    <ClCompile Include="Geometry.cpp">
      <Filter>Source Files\Graphics-Core</Filter>
    </ClCompile>
    <ClCompile Include="IndexBufO.cpp">
      <Filter>Source Files\Graphics-Core</Filter>
    </ClCompile>
    <ClCompile Include="IndexCombination.cpp">
      <Filter>Source Files\Graphics-Core</Filter>
    </ClCompile>
    <ClCompile Include="Material.cpp">
      <Filter>Source Files\Graphics-Core</Filter>
    </ClCompile>
    <ClCompile Include="Program.cpp">
      <Filter>Source Files\Graphics-Core</Filter>
    </ClCompile>
    <ClCompile Include="Shader.cpp">
      <Filter>Source Files\Graphics-Core</Filter>
    </ClCompile>
    <ClCompile Include="Camera.cpp">
      <Filter>Source Files\Objects</Filter>
    </ClCompile>
    <ClCompile Include="TriangleNetObject.cpp">
      <Filter>Source Files\Objects</Filter>
    </ClCompile>
    <ClCompile Include="VertexArrO.cpp">
      <Filter>Source Files\Graphics-Core</Filter>
    </ClCompile>
    <ClCompile Include="LightSource.cpp">
      <Filter>Source Files\Objects</Filter>
    </ClCompile>
    <ClCompile Include="SunLightSource.cpp">
      <Filter>Source Files\Objects</Filter>
    </ClCompile>
    <ClCompile Include="VertexAttribArray.cpp">
      <Filter>Source Files\Graphics-Core</Filter>
    </ClCompile>
    <ClCompile Include="VertexBufO.cpp">
      <Filter>Source Files\Graphics-Core</Filter>
    </ClCompile>
    <ClCompile Include="UniformGridGeometry.cpp">
      <Filter>Source Files\Space</Filter>
    </ClCompile>
    <ClCompile Include="UniformGrid.cpp">
      <Filter>Source Files\Space</Filter>
    </ClCompile>
    <ClCompile Include="Vorton.cpp">
      <Filter>Source Files\Objects\Sim</Filter>
    </ClCompile>
    <ClCompile Include="VortonOctHeapElement.cpp">
      <Filter>Source Files\Space</Filter>
    </ClCompile>
    <ClCompile Include="VortonOctHeap.cpp">
      <Filter>Source Files\Space</Filter>
    </ClCompile>
    <ClCompile Include="Supervorton.cpp">
      <Filter>Source Files\Objects\Sim</Filter>
    </ClCompile>
    <ClCompile Include="VorticityDistribution.cpp">
      <Filter>Source Files</Filter>
    </ClCompile>
    <ClCompile Include="MovableObject.cpp">
      <Filter>Source Files\Objects</Filter>
    </ClCompile>
    <ClCompile Include="fsmath.cpp">
      <Filter>Source Files\Utils</Filter>
    </ClCompile>
    <ClCompile Include="DrawableObject.cpp">
      <Filter>Source Files\Objects</Filter>
    </ClCompile>
    <ClCompile Include="VortonSim.cpp">
      <Filter>Source Files\Objects\Sim</Filter>
    </ClCompile>
    <ClCompile Include="ContainerObject.cpp">
      <Filter>Source Files\Objects</Filter>
    </ClCompile>
    <ClCompile Include="ActiveObject.cpp">
      <Filter>Source Files\Objects</Filter>
    </ClCompile>
    <ClCompile Include="Object.cpp">
      <Filter>Source Files\Objects</Filter>
    </ClCompile>
  </ItemGroup>
  <ItemGroup>
    <None Include="shaders\basic.vert">
      <Filter>Resource Files</Filter>
    </None>
    <None Include="shaders\basic.frag">
      <Filter>Resource Files</Filter>
    </None>
    <None Include="ClassDiagram.cd" />
  </ItemGroup>
</Project>